
Microsoft Visual Studio Solution File, Format Version 12.00
# Visual Studio 15
VisualStudioVersion = 15.0.28307.168
MinimumVisualStudioVersion = 10.0.40219.1
Project("{9A19103F-16F7-4668-BE54-9A1E7A4F7556}") = "SlackMonitoroing", "SlackMonitoroing\SlackMonitoroing.csproj", "{EC4DADA2-8317-4EF3-962C-495BE0F21395}"
EndProject
Project("{FAE04EC0-301F-11D3-BF4B-00C04F79EFBC}") = "UnitTests", "UnitTests\UnitTests.csproj", "{F5259AC7-3585-4427-96BE-33B37AB6983E}"
EndProject
Global
	GlobalSection(SolutionConfigurationPlatforms) = preSolution
		Debug|Any CPU = Debug|Any CPU
		Release|Any CPU = Release|Any CPU
	EndGlobalSection
	GlobalSection(ProjectConfigurationPlatforms) = postSolution
		{EC4DADA2-8317-4EF3-962C-495BE0F21395}.Debug|Any CPU.ActiveCfg = Debug|Any CPU
		{EC4DADA2-8317-4EF3-962C-495BE0F21395}.Debug|Any CPU.Build.0 = Debug|Any CPU
		{EC4DADA2-8317-4EF3-962C-495BE0F21395}.Release|Any CPU.ActiveCfg = Release|Any CPU
		{EC4DADA2-8317-4EF3-962C-495BE0F21395}.Release|Any CPU.Build.0 = Release|Any CPU
		{F5259AC7-3585-4427-96BE-33B37AB6983E}.Debug|Any CPU.ActiveCfg = Debug|Any CPU
		{F5259AC7-3585-4427-96BE-33B37AB6983E}.Debug|Any CPU.Build.0 = Debug|Any CPU
		{F5259AC7-3585-4427-96BE-33B37AB6983E}.Release|Any CPU.ActiveCfg = Release|Any CPU
		{F5259AC7-3585-4427-96BE-33B37AB6983E}.Release|Any CPU.Build.0 = Release|Any CPU
	EndGlobalSection
	GlobalSection(SolutionProperties) = preSolution
		HideSolutionNode = FALSE
	EndGlobalSection
	GlobalSection(ExtensibilityGlobals) = postSolution
		SolutionGuid = {20474B03-0534-4068-AC51-C99C55A2CBA2}
	EndGlobalSection
EndGlobal
